
Microsoft Visual Studio Solution File, Format Version 12.00
# Visual Studio Version 17
VisualStudioVersion = 17.0.31710.8
MinimumVisualStudioVersion = 10.0.40219.1
Project("{9A19103F-16F7-4668-BE54-9A1E7A4F7556}") = "AOC2021", "AOC2021\AOC2021.csproj", "{68757994-761F-433A-88EB-8F50BB79B253}"
EndProject
Project("{2150E333-8FDC-42A3-9474-1A3956D46DE8}") = "Days", "Days", "{E657A175-8EEC-4324-9C6B-4FCEE5D33BBD}"
EndProject
Project("{9A19103F-16F7-4668-BE54-9A1E7A4F7556}") = "Shared", "Shared\Shared.csproj", "{29759B8B-64A0-4AEE-9F7D-38AB1D1C1D9C}"
EndProject
Project("{9A19103F-16F7-4668-BE54-9A1E7A4F7556}") = "Day_01", "Days\Day_01\Day_01.csproj", "{FC53CBF0-D0B4-4C53-97E3-AD526313A426}"
EndProject
Project("{9A19103F-16F7-4668-BE54-9A1E7A4F7556}") = "Day_02", "Days\Day_02\Day_02.csproj", "{490BBD31-20F6-4525-93CD-8E635B1045BF}"
EndProject
Project("{9A19103F-16F7-4668-BE54-9A1E7A4F7556}") = "Day_03", "Days\Day_03\Day_03.csproj", "{6A065591-FA69-4079-9F08-6942277F0101}"
EndProject
Project("{9A19103F-16F7-4668-BE54-9A1E7A4F7556}") = "Day_04", "Days\Day_04\Day_04.csproj", "{0B4A317A-2374-4A45-B55C-4A01FADE90F1}"
EndProject
Project("{9A19103F-16F7-4668-BE54-9A1E7A4F7556}") = "Day_05", "Days\Day_05\Day_05.csproj", "{96328CC3-F4C2-427F-8477-9839DF16067F}"
EndProject
Project("{9A19103F-16F7-4668-BE54-9A1E7A4F7556}") = "Day_06", "Days\Day_06\Day_06.csproj", "{8DAB6A23-080E-43A9-8D2D-16CCFE2D493F}"
EndProject
Project("{9A19103F-16F7-4668-BE54-9A1E7A4F7556}") = "Day_07", "Days\Day_07\Day_07.csproj", "{353E9A07-78C3-450A-B63B-C35BE79265F9}"
EndProject
Project("{9A19103F-16F7-4668-BE54-9A1E7A4F7556}") = "Day_08", "Days\Day_08\Day_08.csproj", "{48E8EB6F-B7AC-46C1-AB61-EF13DB61B536}"
EndProject
Project("{FAE04EC0-301F-11D3-BF4B-00C04F79EFBC}") = "Day_09", "Days\Day_09\Day_09.csproj", "{A457B714-7457-4828-91EB-6408413BDF9C}"
EndProject
Global
	GlobalSection(SolutionConfigurationPlatforms) = preSolution
		Debug|Any CPU = Debug|Any CPU
		Release|Any CPU = Release|Any CPU
	EndGlobalSection
	GlobalSection(ProjectConfigurationPlatforms) = postSolution
		{68757994-761F-433A-88EB-8F50BB79B253}.Debug|Any CPU.ActiveCfg = Debug|Any CPU
		{68757994-761F-433A-88EB-8F50BB79B253}.Debug|Any CPU.Build.0 = Debug|Any CPU
		{68757994-761F-433A-88EB-8F50BB79B253}.Release|Any CPU.ActiveCfg = Release|Any CPU
		{68757994-761F-433A-88EB-8F50BB79B253}.Release|Any CPU.Build.0 = Release|Any CPU
		{29759B8B-64A0-4AEE-9F7D-38AB1D1C1D9C}.Debug|Any CPU.ActiveCfg = Debug|Any CPU
		{29759B8B-64A0-4AEE-9F7D-38AB1D1C1D9C}.Debug|Any CPU.Build.0 = Debug|Any CPU
		{29759B8B-64A0-4AEE-9F7D-38AB1D1C1D9C}.Release|Any CPU.ActiveCfg = Release|Any CPU
		{29759B8B-64A0-4AEE-9F7D-38AB1D1C1D9C}.Release|Any CPU.Build.0 = Release|Any CPU
		{FC53CBF0-D0B4-4C53-97E3-AD526313A426}.Debug|Any CPU.ActiveCfg = Debug|Any CPU
		{FC53CBF0-D0B4-4C53-97E3-AD526313A426}.Debug|Any CPU.Build.0 = Debug|Any CPU
		{FC53CBF0-D0B4-4C53-97E3-AD526313A426}.Release|Any CPU.ActiveCfg = Release|Any CPU
		{FC53CBF0-D0B4-4C53-97E3-AD526313A426}.Release|Any CPU.Build.0 = Release|Any CPU
		{490BBD31-20F6-4525-93CD-8E635B1045BF}.Debug|Any CPU.ActiveCfg = Debug|Any CPU
		{490BBD31-20F6-4525-93CD-8E635B1045BF}.Debug|Any CPU.Build.0 = Debug|Any CPU
		{490BBD31-20F6-4525-93CD-8E635B1045BF}.Release|Any CPU.ActiveCfg = Release|Any CPU
		{490BBD31-20F6-4525-93CD-8E635B1045BF}.Release|Any CPU.Build.0 = Release|Any CPU
		{6A065591-FA69-4079-9F08-6942277F0101}.Debug|Any CPU.ActiveCfg = Debug|Any CPU
		{6A065591-FA69-4079-9F08-6942277F0101}.Debug|Any CPU.Build.0 = Debug|Any CPU
		{6A065591-FA69-4079-9F08-6942277F0101}.Release|Any CPU.ActiveCfg = Release|Any CPU
		{6A065591-FA69-4079-9F08-6942277F0101}.Release|Any CPU.Build.0 = Release|Any CPU
		{0B4A317A-2374-4A45-B55C-4A01FADE90F1}.Debug|Any CPU.ActiveCfg = Debug|Any CPU
		{0B4A317A-2374-4A45-B55C-4A01FADE90F1}.Debug|Any CPU.Build.0 = Debug|Any CPU
		{0B4A317A-2374-4A45-B55C-4A01FADE90F1}.Release|Any CPU.ActiveCfg = Release|Any CPU
		{0B4A317A-2374-4A45-B55C-4A01FADE90F1}.Release|Any CPU.Build.0 = Release|Any CPU
		{96328CC3-F4C2-427F-8477-9839DF16067F}.Debug|Any CPU.ActiveCfg = Debug|Any CPU
		{96328CC3-F4C2-427F-8477-9839DF16067F}.Debug|Any CPU.Build.0 = Debug|Any CPU
		{96328CC3-F4C2-427F-8477-9839DF16067F}.Release|Any CPU.ActiveCfg = Release|Any CPU
		{96328CC3-F4C2-427F-8477-9839DF16067F}.Release|Any CPU.Build.0 = Release|Any CPU
		{8DAB6A23-080E-43A9-8D2D-16CCFE2D493F}.Debug|Any CPU.ActiveCfg = Debug|Any CPU
		{8DAB6A23-080E-43A9-8D2D-16CCFE2D493F}.Debug|Any CPU.Build.0 = Debug|Any CPU
		{8DAB6A23-080E-43A9-8D2D-16CCFE2D493F}.Release|Any CPU.ActiveCfg = Release|Any CPU
		{8DAB6A23-080E-43A9-8D2D-16CCFE2D493F}.Release|Any CPU.Build.0 = Release|Any CPU
		{353E9A07-78C3-450A-B63B-C35BE79265F9}.Debug|Any CPU.ActiveCfg = Debug|Any CPU
		{353E9A07-78C3-450A-B63B-C35BE79265F9}.Debug|Any CPU.Build.0 = Debug|Any CPU
		{353E9A07-78C3-450A-B63B-C35BE79265F9}.Release|Any CPU.ActiveCfg = Release|Any CPU
		{353E9A07-78C3-450A-B63B-C35BE79265F9}.Release|Any CPU.Build.0 = Release|Any CPU
		{48E8EB6F-B7AC-46C1-AB61-EF13DB61B536}.Debug|Any CPU.ActiveCfg = Debug|Any CPU
		{48E8EB6F-B7AC-46C1-AB61-EF13DB61B536}.Debug|Any CPU.Build.0 = Debug|Any CPU
		{48E8EB6F-B7AC-46C1-AB61-EF13DB61B536}.Release|Any CPU.ActiveCfg = Release|Any CPU
		{48E8EB6F-B7AC-46C1-AB61-EF13DB61B536}.Release|Any CPU.Build.0 = Release|Any CPU
		{A457B714-7457-4828-91EB-6408413BDF9C}.Debug|Any CPU.ActiveCfg = Debug|Any CPU
		{A457B714-7457-4828-91EB-6408413BDF9C}.Debug|Any CPU.Build.0 = Debug|Any CPU
		{A457B714-7457-4828-91EB-6408413BDF9C}.Release|Any CPU.ActiveCfg = Release|Any CPU
		{A457B714-7457-4828-91EB-6408413BDF9C}.Release|Any CPU.Build.0 = Release|Any CPU
	EndGlobalSection
	GlobalSection(SolutionProperties) = preSolution
		HideSolutionNode = FALSE
	EndGlobalSection
	GlobalSection(NestedProjects) = preSolution
		{FC53CBF0-D0B4-4C53-97E3-AD526313A426} = {E657A175-8EEC-4324-9C6B-4FCEE5D33BBD}
		{490BBD31-20F6-4525-93CD-8E635B1045BF} = {E657A175-8EEC-4324-9C6B-4FCEE5D33BBD}
		{6A065591-FA69-4079-9F08-6942277F0101} = {E657A175-8EEC-4324-9C6B-4FCEE5D33BBD}
		{0B4A317A-2374-4A45-B55C-4A01FADE90F1} = {E657A175-8EEC-4324-9C6B-4FCEE5D33BBD}
		{96328CC3-F4C2-427F-8477-9839DF16067F} = {E657A175-8EEC-4324-9C6B-4FCEE5D33BBD}
		{8DAB6A23-080E-43A9-8D2D-16CCFE2D493F} = {E657A175-8EEC-4324-9C6B-4FCEE5D33BBD}
		{353E9A07-78C3-450A-B63B-C35BE79265F9} = {E657A175-8EEC-4324-9C6B-4FCEE5D33BBD}
		{48E8EB6F-B7AC-46C1-AB61-EF13DB61B536} = {E657A175-8EEC-4324-9C6B-4FCEE5D33BBD}
		{A457B714-7457-4828-91EB-6408413BDF9C} = {E657A175-8EEC-4324-9C6B-4FCEE5D33BBD}
	EndGlobalSection
	GlobalSection(ExtensibilityGlobals) = postSolution
		SolutionGuid = {95AD32BC-42B0-431C-A1F5-89EB702EAB3F}
	EndGlobalSection
EndGlobal
